
Microsoft Visual Studio Solution File, Format Version 12.00
# Visual Studio Version 17
VisualStudioVersion = 17.2.32630.192
MinimumVisualStudioVersion = 10.0.40219.1
Project("{FAE04EC0-301F-11D3-BF4B-00C04F79EFBC}") = "eTickets", "eTickets\eTickets.csproj", "{8BEA50DE-A080-4D9D-85EA-2E12E57D71C4}"
EndProject
Global
	GlobalSection(SolutionConfigurationPlatforms) = preSolution
		Debug|Any CPU = Debug|Any CPU
		Release|Any CPU = Release|Any CPU
	EndGlobalSection
	GlobalSection(ProjectConfigurationPlatforms) = postSolution
		{8BEA50DE-A080-4D9D-85EA-2E12E57D71C4}.Debug|Any CPU.ActiveCfg = Debug|Any CPU
		{8BEA50DE-A080-4D9D-85EA-2E12E57D71C4}.Debug|Any CPU.Build.0 = Debug|Any CPU
		{8BEA50DE-A080-4D9D-85EA-2E12E57D71C4}.Release|Any CPU.ActiveCfg = Release|Any CPU
		{8BEA50DE-A080-4D9D-85EA-2E12E57D71C4}.Release|Any CPU.Build.0 = Release|Any CPU
	EndGlobalSection
	GlobalSection(SolutionProperties) = preSolution
		HideSolutionNode = FALSE
	EndGlobalSection
	GlobalSection(ExtensibilityGlobals) = postSolution
		SolutionGuid = {34CC8537-03B7-4A06-8271-CBB44BA57263}
	EndGlobalSection
EndGlobal
